PODS:
  - Sourcery (2.3.0):
    - Sourcery/CLI-Only (= 2.3.0)
  - Sourcery/CLI-Only (2.3.0)
  - SwiftyMocky (4.2.0):
    - Sourcery (= 2.3.0)

DEPENDENCIES:
  - SwiftyMocky (from `./`)

SPEC REPOS:
  trunk:
    - Sourcery

EXTERNAL SOURCES:
  SwiftyMocky:
    :path: "./"

SPEC CHECKSUMS:
  Sourcery: 521dc708d3d473409e69f1fe7740051a1294d8a4
  SwiftyMocky: 69e37b7b65b6f885790f25d30b1427d5eca8fd4e

PODFILE CHECKSUM: 1428ad6d9c4d4382cfdda435a72c127feebc3a97

COCOAPODS: 1.16.2
